{
  "name": "csdemos",
  "version": "1.0.0",
  "lockfileVersion": 1,
  "requires": true,
  "dependencies": {
    "csdwheels": {
      "version": "1.2.4",
      "resolved": "https://registry.npmjs.org/csdwheels/-/csdwheels-1.2.4.tgz",
      "integrity": "sha512-E6VYC5ACtbHIWMgAhuJWoAmU4mrsBgoytq6lqx5AuyqBJMxHIwxy4LjKTOJm1M+YFWhnQPc5BZ2LaEXDmpuEyA==",
      "dev": true
    }
  }
}
